
Microsoft Visual Studio Solution File, Format Version 12.00
# Visual Studio 14
VisualStudioVersion = 14.0.25420.1
MinimumVisualStudioVersion = 10.0.40219.1
Project("{FAE04EC0-301F-11D3-BF4B-00C04F79EFBC}") = "JIF.CMS.Core", "JIF.CMS.Core\JIF.CMS.Core.csproj", "{C3EF00B2-7752-48EF-AAB3-B7BC11E08FA6}"
EndProject
Project("{FAE04EC0-301F-11D3-BF4B-00C04F79EFBC}") = "JIF.CMS.Web", "JIF.CMS.Web\JIF.CMS.Web.csproj", "{A0FF9812-A9CF-466D-BD27-8192C64B0576}"
	ProjectSection(ProjectDependencies) = postProject
		{9532BCAC-0342-4297-A8B6-6028326C01B1} = {9532BCAC-0342-4297-A8B6-6028326C01B1}
		{C3EF00B2-7752-48EF-AAB3-B7BC11E08FA6} = {C3EF00B2-7752-48EF-AAB3-B7BC11E08FA6}
		{51E131EB-EAC0-4339-99C2-2477712459E4} = {51E131EB-EAC0-4339-99C2-2477712459E4}
	EndProjectSection
EndProject
Project("{FAE04EC0-301F-11D3-BF4B-00C04F79EFBC}") = "JIF.CMS.Data.EntityFramework", "JIF.CMS.Data.EntityFramework\JIF.CMS.Data.EntityFramework.csproj", "{51E131EB-EAC0-4339-99C2-2477712459E4}"
	ProjectSection(ProjectDependencies) = postProject
		{C3EF00B2-7752-48EF-AAB3-B7BC11E08FA6} = {C3EF00B2-7752-48EF-AAB3-B7BC11E08FA6}
	EndProjectSection
EndProject
Project("{FAE04EC0-301F-11D3-BF4B-00C04F79EFBC}") = "JIF.CMS.Management", "JIF.CMS.Management\JIF.CMS.Management.csproj", "{A5FA03DB-2194-4296-8B5D-DAD5A990901F}"
	ProjectSection(ProjectDependencies) = postProject
		{9532BCAC-0342-4297-A8B6-6028326C01B1} = {9532BCAC-0342-4297-A8B6-6028326C01B1}
		{C3EF00B2-7752-48EF-AAB3-B7BC11E08FA6} = {C3EF00B2-7752-48EF-AAB3-B7BC11E08FA6}
		{51E131EB-EAC0-4339-99C2-2477712459E4} = {51E131EB-EAC0-4339-99C2-2477712459E4}
	EndProjectSection
EndProject
Project("{FAE04EC0-301F-11D3-BF4B-00C04F79EFBC}") = "JIF.CMS.Services", "JIF.CMS.Services\JIF.CMS.Services.csproj", "{9532BCAC-0342-4297-A8B6-6028326C01B1}"
	ProjectSection(ProjectDependencies) = postProject
		{C3EF00B2-7752-48EF-AAB3-B7BC11E08FA6} = {C3EF00B2-7752-48EF-AAB3-B7BC11E08FA6}
		{51E131EB-EAC0-4339-99C2-2477712459E4} = {51E131EB-EAC0-4339-99C2-2477712459E4}
	EndProjectSection
EndProject
Project("{2150E333-8FDC-42A3-9474-1A3956D46DE8}") = "Presentation", "Presentation", "{2CBED502-462A-448C-986A-B2EC06FC2D92}"
EndProject
Project("{2150E333-8FDC-42A3-9474-1A3956D46DE8}") = "Libraries", "Libraries", "{2835334D-EC3C-4B6D-8A45-04869E5E7A15}"
EndProject
Global
	GlobalSection(SolutionConfigurationPlatforms) = preSolution
		Debug|Any CPU = Debug|Any CPU
		Release|Any CPU = Release|Any CPU
	EndGlobalSection
	GlobalSection(ProjectConfigurationPlatforms) = postSolution
		{C3EF00B2-7752-48EF-AAB3-B7BC11E08FA6}.Debug|Any CPU.ActiveCfg = Debug|Any CPU
		{C3EF00B2-7752-48EF-AAB3-B7BC11E08FA6}.Debug|Any CPU.Build.0 = Debug|Any CPU
		{C3EF00B2-7752-48EF-AAB3-B7BC11E08FA6}.Release|Any CPU.ActiveCfg = Release|Any CPU
		{C3EF00B2-7752-48EF-AAB3-B7BC11E08FA6}.Release|Any CPU.Build.0 = Release|Any CPU
		{A0FF9812-A9CF-466D-BD27-8192C64B0576}.Debug|Any CPU.ActiveCfg = Debug|Any CPU
		{A0FF9812-A9CF-466D-BD27-8192C64B0576}.Debug|Any CPU.Build.0 = Debug|Any CPU
		{A0FF9812-A9CF-466D-BD27-8192C64B0576}.Release|Any CPU.ActiveCfg = Release|Any CPU
		{A0FF9812-A9CF-466D-BD27-8192C64B0576}.Release|Any CPU.Build.0 = Release|Any CPU
		{51E131EB-EAC0-4339-99C2-2477712459E4}.Debug|Any CPU.ActiveCfg = Debug|Any CPU
		{51E131EB-EAC0-4339-99C2-2477712459E4}.Debug|Any CPU.Build.0 = Debug|Any CPU
		{51E131EB-EAC0-4339-99C2-2477712459E4}.Release|Any CPU.ActiveCfg = Release|Any CPU
		{51E131EB-EAC0-4339-99C2-2477712459E4}.Release|Any CPU.Build.0 = Release|Any CPU
		{A5FA03DB-2194-4296-8B5D-DAD5A990901F}.Debug|Any CPU.ActiveCfg = Debug|Any CPU
		{A5FA03DB-2194-4296-8B5D-DAD5A990901F}.Debug|Any CPU.Build.0 = Debug|Any CPU
		{A5FA03DB-2194-4296-8B5D-DAD5A990901F}.Release|Any CPU.ActiveCfg = Release|Any CPU
		{A5FA03DB-2194-4296-8B5D-DAD5A990901F}.Release|Any CPU.Build.0 = Release|Any CPU
		{9532BCAC-0342-4297-A8B6-6028326C01B1}.Debug|Any CPU.ActiveCfg = Debug|Any CPU
		{9532BCAC-0342-4297-A8B6-6028326C01B1}.Debug|Any CPU.Build.0 = Debug|Any CPU
		{9532BCAC-0342-4297-A8B6-6028326C01B1}.Release|Any CPU.ActiveCfg = Release|Any CPU
		{9532BCAC-0342-4297-A8B6-6028326C01B1}.Release|Any CPU.Build.0 = Release|Any CPU
	EndGlobalSection
	GlobalSection(SolutionProperties) = preSolution
		HideSolutionNode = FALSE
	EndGlobalSection
	GlobalSection(NestedProjects) = preSolution
		{C3EF00B2-7752-48EF-AAB3-B7BC11E08FA6} = {2835334D-EC3C-4B6D-8A45-04869E5E7A15}
		{A0FF9812-A9CF-466D-BD27-8192C64B0576} = {2CBED502-462A-448C-986A-B2EC06FC2D92}
		{51E131EB-EAC0-4339-99C2-2477712459E4} = {2835334D-EC3C-4B6D-8A45-04869E5E7A15}
		{A5FA03DB-2194-4296-8B5D-DAD5A990901F} = {2CBED502-462A-448C-986A-B2EC06FC2D92}
		{9532BCAC-0342-4297-A8B6-6028326C01B1} = {2835334D-EC3C-4B6D-8A45-04869E5E7A15}
	EndGlobalSection
EndGlobal
