
Microsoft Visual Studio Solution File, Format Version 12.00
# Visual Studio 15
VisualStudioVersion = 15.0.26430.14
MinimumVisualStudioVersion = 10.0.40219.1
Project("{FAE04EC0-301F-11D3-BF4B-00C04F79EFBC}") = "JIF.CMS.Core", "JIF.CMS.Core\JIF.CMS.Core.csproj", "{C3EF00B2-7752-48EF-AAB3-B7BC11E08FA6}"
EndProject
Project("{FAE04EC0-301F-11D3-BF4B-00C04F79EFBC}") = "JIF.CMS.Web", "JIF.CMS.Web\JIF.CMS.Web.csproj", "{A0FF9812-A9CF-466D-BD27-8192C64B0576}"
	ProjectSection(ProjectDependencies) = postProject
		{9532BCAC-0342-4297-A8B6-6028326C01B1} = {9532BCAC-0342-4297-A8B6-6028326C01B1}
		{C3EF00B2-7752-48EF-AAB3-B7BC11E08FA6} = {C3EF00B2-7752-48EF-AAB3-B7BC11E08FA6}
		{51E131EB-EAC0-4339-99C2-2477712459E4} = {51E131EB-EAC0-4339-99C2-2477712459E4}
	EndProjectSection
EndProject
Project("{FAE04EC0-301F-11D3-BF4B-00C04F79EFBC}") = "JIF.CMS.Data.EntityFramework", "JIF.CMS.Data.EntityFramework\JIF.CMS.Data.EntityFramework.csproj", "{51E131EB-EAC0-4339-99C2-2477712459E4}"
	ProjectSection(ProjectDependencies) = postProject
		{C3EF00B2-7752-48EF-AAB3-B7BC11E08FA6} = {C3EF00B2-7752-48EF-AAB3-B7BC11E08FA6}
	EndProjectSection
EndProject
Project("{FAE04EC0-301F-11D3-BF4B-00C04F79EFBC}") = "JIF.CMS.Management", "JIF.CMS.Management\JIF.CMS.Management.csproj", "{A5FA03DB-2194-4296-8B5D-DAD5A990901F}"
	ProjectSection(ProjectDependencies) = postProject
		{9532BCAC-0342-4297-A8B6-6028326C01B1} = {9532BCAC-0342-4297-A8B6-6028326C01B1}
		{C3EF00B2-7752-48EF-AAB3-B7BC11E08FA6} = {C3EF00B2-7752-48EF-AAB3-B7BC11E08FA6}
		{51E131EB-EAC0-4339-99C2-2477712459E4} = {51E131EB-EAC0-4339-99C2-2477712459E4}
	EndProjectSection
EndProject
Project("{FAE04EC0-301F-11D3-BF4B-00C04F79EFBC}") = "JIF.CMS.Services", "JIF.CMS.Services\JIF.CMS.Services.csproj", "{9532BCAC-0342-4297-A8B6-6028326C01B1}"
	ProjectSection(ProjectDependencies) = postProject
		{C3EF00B2-7752-48EF-AAB3-B7BC11E08FA6} = {C3EF00B2-7752-48EF-AAB3-B7BC11E08FA6}
		{51E131EB-EAC0-4339-99C2-2477712459E4} = {51E131EB-EAC0-4339-99C2-2477712459E4}
	EndProjectSection
EndProject
Project("{2150E333-8FDC-42A3-9474-1A3956D46DE8}") = "Presentation", "Presentation", "{2CBED502-462A-448C-986A-B2EC06FC2D92}"
EndProject
Project("{2150E333-8FDC-42A3-9474-1A3956D46DE8}") = "Libraries", "Libraries", "{2835334D-EC3C-4B6D-8A45-04869E5E7A15}"
EndProject
Project("{FAE04EC0-301F-11D3-BF4B-00C04F79EFBC}") = "JIF.CMS.Web.Framework", "JIF.CMS.Web.Framework\JIF.CMS.Web.Framework.csproj", "{32FC4C79-089E-4D2A-82B9-7CC39101C0C8}"
EndProject
Project("{2150E333-8FDC-42A3-9474-1A3956D46DE8}") = "Test", "Test", "{19A66C18-C2CC-4C2D-8A40-42158246B93A}"
EndProject
Project("{FAE04EC0-301F-11D3-BF4B-00C04F79EFBC}") = "JIF.CMS.Test.Core", "JIF.CMS.Test.Core\JIF.CMS.Test.Core.csproj", "{305B7B92-F90F-4782-ACBA-90B097FB2488}"
EndProject
Project("{FAE04EC0-301F-11D3-BF4B-00C04F79EFBC}") = "JIF.CMS.Management.API", "JIF.CMS.Management.API\JIF.CMS.Management.API.csproj", "{C89BAC5F-F3DB-4E7E-BE71-FFD3E3A34CF0}"
EndProject
Project("{FAE04EC0-301F-11D3-BF4B-00C04F79EFBC}") = "JIF.CMS.WebApi.Framework", "JIF.CMS.WebApi.Framework\JIF.CMS.WebApi.Framework.csproj", "{3CCD9668-63E3-4896-8107-C9737995B079}"
EndProject
Project("{FAE04EC0-301F-11D3-BF4B-00C04F79EFBC}") = "JIF.CMS.Test.EF", "JIF.CMS.Test.EF\JIF.CMS.Test.EF.csproj", "{2AC73D09-AE85-4A58-9456-4EDCB4C49A7B}"
EndProject
Project("{FAE04EC0-301F-11D3-BF4B-00C04F79EFBC}") = "JIF.CMS.Redis", "JIF.CMS.Redis\JIF.CMS.Redis.csproj", "{829814F2-4F75-4388-9DA9-577486D332E9}"
EndProject
Project("{FAE04EC0-301F-11D3-BF4B-00C04F79EFBC}") = "JIF.CMS.Test.Repositories", "JIF.CMS.Test.Repositories\JIF.CMS.Test.Repositories.csproj", "{CD18ADBF-AD42-4B7A-8008-2433FC390A08}"
EndProject
Global
	GlobalSection(SolutionConfigurationPlatforms) = preSolution
		Debug|Any CPU = Debug|Any CPU
		Release|Any CPU = Release|Any CPU
	EndGlobalSection
	GlobalSection(ProjectConfigurationPlatforms) = postSolution
		{C3EF00B2-7752-48EF-AAB3-B7BC11E08FA6}.Debug|Any CPU.ActiveCfg = Debug|Any CPU
		{C3EF00B2-7752-48EF-AAB3-B7BC11E08FA6}.Debug|Any CPU.Build.0 = Debug|Any CPU
		{C3EF00B2-7752-48EF-AAB3-B7BC11E08FA6}.Release|Any CPU.ActiveCfg = Release|Any CPU
		{C3EF00B2-7752-48EF-AAB3-B7BC11E08FA6}.Release|Any CPU.Build.0 = Release|Any CPU
		{A0FF9812-A9CF-466D-BD27-8192C64B0576}.Debug|Any CPU.ActiveCfg = Debug|Any CPU
		{A0FF9812-A9CF-466D-BD27-8192C64B0576}.Debug|Any CPU.Build.0 = Debug|Any CPU
		{A0FF9812-A9CF-466D-BD27-8192C64B0576}.Release|Any CPU.ActiveCfg = Release|Any CPU
		{A0FF9812-A9CF-466D-BD27-8192C64B0576}.Release|Any CPU.Build.0 = Release|Any CPU
		{51E131EB-EAC0-4339-99C2-2477712459E4}.Debug|Any CPU.ActiveCfg = Debug|Any CPU
		{51E131EB-EAC0-4339-99C2-2477712459E4}.Debug|Any CPU.Build.0 = Debug|Any CPU
		{51E131EB-EAC0-4339-99C2-2477712459E4}.Release|Any CPU.ActiveCfg = Release|Any CPU
		{51E131EB-EAC0-4339-99C2-2477712459E4}.Release|Any CPU.Build.0 = Release|Any CPU
		{A5FA03DB-2194-4296-8B5D-DAD5A990901F}.Debug|Any CPU.ActiveCfg = Debug|Any CPU
		{A5FA03DB-2194-4296-8B5D-DAD5A990901F}.Debug|Any CPU.Build.0 = Debug|Any CPU
		{A5FA03DB-2194-4296-8B5D-DAD5A990901F}.Release|Any CPU.ActiveCfg = Release|Any CPU
		{A5FA03DB-2194-4296-8B5D-DAD5A990901F}.Release|Any CPU.Build.0 = Release|Any CPU
		{9532BCAC-0342-4297-A8B6-6028326C01B1}.Debug|Any CPU.ActiveCfg = Debug|Any CPU
		{9532BCAC-0342-4297-A8B6-6028326C01B1}.Debug|Any CPU.Build.0 = Debug|Any CPU
		{9532BCAC-0342-4297-A8B6-6028326C01B1}.Release|Any CPU.ActiveCfg = Release|Any CPU
		{9532BCAC-0342-4297-A8B6-6028326C01B1}.Release|Any CPU.Build.0 = Release|Any CPU
		{32FC4C79-089E-4D2A-82B9-7CC39101C0C8}.Debug|Any CPU.ActiveCfg = Debug|Any CPU
		{32FC4C79-089E-4D2A-82B9-7CC39101C0C8}.Debug|Any CPU.Build.0 = Debug|Any CPU
		{32FC4C79-089E-4D2A-82B9-7CC39101C0C8}.Release|Any CPU.ActiveCfg = Release|Any CPU
		{32FC4C79-089E-4D2A-82B9-7CC39101C0C8}.Release|Any CPU.Build.0 = Release|Any CPU
		{305B7B92-F90F-4782-ACBA-90B097FB2488}.Debug|Any CPU.ActiveCfg = Debug|Any CPU
		{305B7B92-F90F-4782-ACBA-90B097FB2488}.Debug|Any CPU.Build.0 = Debug|Any CPU
		{305B7B92-F90F-4782-ACBA-90B097FB2488}.Release|Any CPU.ActiveCfg = Release|Any CPU
		{305B7B92-F90F-4782-ACBA-90B097FB2488}.Release|Any CPU.Build.0 = Release|Any CPU
		{C89BAC5F-F3DB-4E7E-BE71-FFD3E3A34CF0}.Debug|Any CPU.ActiveCfg = Debug|Any CPU
		{C89BAC5F-F3DB-4E7E-BE71-FFD3E3A34CF0}.Debug|Any CPU.Build.0 = Debug|Any CPU
		{C89BAC5F-F3DB-4E7E-BE71-FFD3E3A34CF0}.Release|Any CPU.ActiveCfg = Release|Any CPU
		{C89BAC5F-F3DB-4E7E-BE71-FFD3E3A34CF0}.Release|Any CPU.Build.0 = Release|Any CPU
		{3CCD9668-63E3-4896-8107-C9737995B079}.Debug|Any CPU.ActiveCfg = Debug|Any CPU
		{3CCD9668-63E3-4896-8107-C9737995B079}.Debug|Any CPU.Build.0 = Debug|Any CPU
		{3CCD9668-63E3-4896-8107-C9737995B079}.Release|Any CPU.ActiveCfg = Release|Any CPU
		{3CCD9668-63E3-4896-8107-C9737995B079}.Release|Any CPU.Build.0 = Release|Any CPU
		{2AC73D09-AE85-4A58-9456-4EDCB4C49A7B}.Debug|Any CPU.ActiveCfg = Debug|Any CPU
		{2AC73D09-AE85-4A58-9456-4EDCB4C49A7B}.Debug|Any CPU.Build.0 = Debug|Any CPU
		{2AC73D09-AE85-4A58-9456-4EDCB4C49A7B}.Release|Any CPU.ActiveCfg = Release|Any CPU
		{2AC73D09-AE85-4A58-9456-4EDCB4C49A7B}.Release|Any CPU.Build.0 = Release|Any CPU
		{829814F2-4F75-4388-9DA9-577486D332E9}.Debug|Any CPU.ActiveCfg = Debug|Any CPU
		{829814F2-4F75-4388-9DA9-577486D332E9}.Debug|Any CPU.Build.0 = Debug|Any CPU
		{829814F2-4F75-4388-9DA9-577486D332E9}.Release|Any CPU.ActiveCfg = Release|Any CPU
		{829814F2-4F75-4388-9DA9-577486D332E9}.Release|Any CPU.Build.0 = Release|Any CPU
		{CD18ADBF-AD42-4B7A-8008-2433FC390A08}.Debug|Any CPU.ActiveCfg = Debug|Any CPU
		{CD18ADBF-AD42-4B7A-8008-2433FC390A08}.Debug|Any CPU.Build.0 = Debug|Any CPU
		{CD18ADBF-AD42-4B7A-8008-2433FC390A08}.Release|Any CPU.ActiveCfg = Release|Any CPU
		{CD18ADBF-AD42-4B7A-8008-2433FC390A08}.Release|Any CPU.Build.0 = Release|Any CPU
	EndGlobalSection
	GlobalSection(SolutionProperties) = preSolution
		HideSolutionNode = FALSE
	EndGlobalSection
	GlobalSection(NestedProjects) = preSolution
		{C3EF00B2-7752-48EF-AAB3-B7BC11E08FA6} = {2835334D-EC3C-4B6D-8A45-04869E5E7A15}
		{A0FF9812-A9CF-466D-BD27-8192C64B0576} = {2CBED502-462A-448C-986A-B2EC06FC2D92}
		{51E131EB-EAC0-4339-99C2-2477712459E4} = {2835334D-EC3C-4B6D-8A45-04869E5E7A15}
		{A5FA03DB-2194-4296-8B5D-DAD5A990901F} = {2CBED502-462A-448C-986A-B2EC06FC2D92}
		{9532BCAC-0342-4297-A8B6-6028326C01B1} = {2835334D-EC3C-4B6D-8A45-04869E5E7A15}
		{32FC4C79-089E-4D2A-82B9-7CC39101C0C8} = {2835334D-EC3C-4B6D-8A45-04869E5E7A15}
		{305B7B92-F90F-4782-ACBA-90B097FB2488} = {19A66C18-C2CC-4C2D-8A40-42158246B93A}
		{C89BAC5F-F3DB-4E7E-BE71-FFD3E3A34CF0} = {2CBED502-462A-448C-986A-B2EC06FC2D92}
		{3CCD9668-63E3-4896-8107-C9737995B079} = {2835334D-EC3C-4B6D-8A45-04869E5E7A15}
		{2AC73D09-AE85-4A58-9456-4EDCB4C49A7B} = {19A66C18-C2CC-4C2D-8A40-42158246B93A}
		{829814F2-4F75-4388-9DA9-577486D332E9} = {2835334D-EC3C-4B6D-8A45-04869E5E7A15}
		{CD18ADBF-AD42-4B7A-8008-2433FC390A08} = {19A66C18-C2CC-4C2D-8A40-42158246B93A}
	EndGlobalSection
EndGlobal
